
Microsoft Visual Studio Solution File, Format Version 12.00
# Visual Studio 2013
VisualStudioVersion = 12.0.30723.0
MinimumVisualStudioVersion = 10.0.40219.1
Project("{FAE04EC0-301F-11D3-BF4B-00C04F79EFBC}") = "T4TS.Build", "T4TS.Build\T4TS.Build.csproj", "{DD5BD892-D179-4E30-9185-9475BBF18B1F}"
	ProjectSection(ProjectDependencies) = postProject
		{48257228-AF75-467E-B881-F10ECB0C2749} = {48257228-AF75-467E-B881-F10ECB0C2749}
	EndProjectSection
EndProject
Project("{FAE04EC0-301F-11D3-BF4B-00C04F79EFBC}") = "T4TS.Example.Models", "T4TS.Example.Models\T4TS.Example.Models.csproj", "{93EE0391-DB26-40CC-A613-6CA32E3EEB18}"
EndProject
Project("{FAE04EC0-301F-11D3-BF4B-00C04F79EFBC}") = "T4TS.Build.Builder", "T4TS.Build.Builder\T4TS.Build.Builder.csproj", "{48257228-AF75-467E-B881-F10ECB0C2749}"
EndProject
Project("{FAE04EC0-301F-11D3-BF4B-00C04F79EFBC}") = "T4TS.Attributes", "T4TS.Attributes\T4TS.Attributes.csproj", "{AF50A5E0-791D-47D4-91FE-56A7CE4577EB}"
EndProject
Global
	GlobalSection(SolutionConfigurationPlatforms) = preSolution
		Debug|Any CPU = Debug|Any CPU
		Release|Any CPU = Release|Any CPU
	EndGlobalSection
	GlobalSection(ProjectConfigurationPlatforms) = postSolution
		{DD5BD892-D179-4E30-9185-9475BBF18B1F}.Debug|Any CPU.ActiveCfg = Debug|Any CPU
		{DD5BD892-D179-4E30-9185-9475BBF18B1F}.Debug|Any CPU.Build.0 = Debug|Any CPU
		{DD5BD892-D179-4E30-9185-9475BBF18B1F}.Release|Any CPU.ActiveCfg = Release|Any CPU
		{DD5BD892-D179-4E30-9185-9475BBF18B1F}.Release|Any CPU.Build.0 = Release|Any CPU
		{93EE0391-DB26-40CC-A613-6CA32E3EEB18}.Debug|Any CPU.ActiveCfg = Debug|Any CPU
		{93EE0391-DB26-40CC-A613-6CA32E3EEB18}.Debug|Any CPU.Build.0 = Debug|Any CPU
		{93EE0391-DB26-40CC-A613-6CA32E3EEB18}.Release|Any CPU.ActiveCfg = Release|Any CPU
		{93EE0391-DB26-40CC-A613-6CA32E3EEB18}.Release|Any CPU.Build.0 = Release|Any CPU
		{48257228-AF75-467E-B881-F10ECB0C2749}.Debug|Any CPU.ActiveCfg = Debug|Any CPU
		{48257228-AF75-467E-B881-F10ECB0C2749}.Debug|Any CPU.Build.0 = Debug|Any CPU
		{48257228-AF75-467E-B881-F10ECB0C2749}.Release|Any CPU.ActiveCfg = Release|Any CPU
		{48257228-AF75-467E-B881-F10ECB0C2749}.Release|Any CPU.Build.0 = Release|Any CPU
		{AF50A5E0-791D-47D4-91FE-56A7CE4577EB}.Debug|Any CPU.ActiveCfg = Debug|Any CPU
		{AF50A5E0-791D-47D4-91FE-56A7CE4577EB}.Debug|Any CPU.Build.0 = Debug|Any CPU
		{AF50A5E0-791D-47D4-91FE-56A7CE4577EB}.Release|Any CPU.ActiveCfg = Release|Any CPU
		{AF50A5E0-791D-47D4-91FE-56A7CE4577EB}.Release|Any CPU.Build.0 = Release|Any CPU
	EndGlobalSection
	GlobalSection(SolutionProperties) = preSolution
		HideSolutionNode = FALSE
	EndGlobalSection
EndGlobal
