
Microsoft Visual Studio Solution File, Format Version 12.00
# Visual Studio 2012
Project("{FAE04EC0-301F-11D3-BF4B-00C04F79EFBC}") = "T4TS.Example", "T4TS.Example\T4TS.Example.csproj", "{51E03259-D166-4DA9-8D55-1FA7BDE922ED}"
EndProject
Project("{FAE04EC0-301F-11D3-BF4B-00C04F79EFBC}") = "T4TS", "T4TS\T4TS.csproj", "{2B9CFEA6-586A-4E3B-8575-79447D5DC086}"
EndProject
Global
	GlobalSection(SolutionConfigurationPlatforms) = preSolution
		Debug|Any CPU = Debug|Any CPU
		Release|Any CPU = Release|Any CPU
	EndGlobalSection
	GlobalSection(ProjectConfigurationPlatforms) = postSolution
		{51E03259-D166-4DA9-8D55-1FA7BDE922ED}.Debug|Any CPU.ActiveCfg = Debug|Any CPU
		{51E03259-D166-4DA9-8D55-1FA7BDE922ED}.Debug|Any CPU.Build.0 = Debug|Any CPU
		{51E03259-D166-4DA9-8D55-1FA7BDE922ED}.Release|Any CPU.ActiveCfg = Release|Any CPU
		{51E03259-D166-4DA9-8D55-1FA7BDE922ED}.Release|Any CPU.Build.0 = Release|Any CPU
		{2B9CFEA6-586A-4E3B-8575-79447D5DC086}.Debug|Any CPU.ActiveCfg = Debug|Any CPU
		{2B9CFEA6-586A-4E3B-8575-79447D5DC086}.Debug|Any CPU.Build.0 = Debug|Any CPU
		{2B9CFEA6-586A-4E3B-8575-79447D5DC086}.Release|Any CPU.ActiveCfg = Release|Any CPU
		{2B9CFEA6-586A-4E3B-8575-79447D5DC086}.Release|Any CPU.Build.0 = Release|Any CPU
	EndGlobalSection
	GlobalSection(SolutionProperties) = preSolution
		HideSolutionNode = FALSE
	EndGlobalSection
EndGlobal
